
Microsoft Visual Studio Solution File, Format Version 12.00
# Visual Studio 14
VisualStudioVersion = 14.0.25420.1
MinimumVisualStudioVersion = 10.0.40219.1
Project("{FAE04EC0-301F-11D3-BF4B-00C04F79EFBC}") = "iccms", "iccms\iccms.csproj", "{E32C204F-863F-47CC-AE84-5AF0ED6699C7}"
EndProject
Project("{FAE04EC0-301F-11D3-BF4B-00C04F79EFBC}") = "Language_CN", "iccms\Language_CN\Language_CN.csproj", "{25AA4CA8-EA3B-47BB-9E96-E9BB1595CB0E}"
EndProject
Project("{FAE04EC0-301F-11D3-BF4B-00C04F79EFBC}") = "Language_EN", "iccms\Language_EN\Language_EN.csproj", "{123B02CB-E605-4497-A78D-E9DA7F766BDC}"
EndProject
Project("{FAE04EC0-301F-11D3-BF4B-00C04F79EFBC}") = "ParameterControl", "iccms\ParameterControl\ParameterControl.csproj", "{C3BCCF3F-8A90-4BB9-8345-3894DC322BCC}"
EndProject
Project("{FAE04EC0-301F-11D3-BF4B-00C04F79EFBC}") = "DataInterface", "iccms\DataInterface\DataInterface.csproj", "{01E6ECD2-7CA6-4EAE-86F3-76F8C4391379}"
EndProject
Project("{FAE04EC0-301F-11D3-BF4B-00C04F79EFBC}") = "JsonLib", "iccms\JsonLib\JsonLib.csproj", "{FF946638-1B85-46E9-B3DA-FCE3437AC974}"
EndProject
Project("{FAE04EC0-301F-11D3-BF4B-00C04F79EFBC}") = "NetController", "iccms\NetController\NetController.csproj", "{50529F80-AC1B-4D13-B846-27EC1ED672E8}"
EndProject
Project("{FAE04EC0-301F-11D3-BF4B-00C04F79EFBC}") = "IODataControl", "iccms\IODataControl\IODataControl.csproj", "{E0B2FFAC-65ED-481C-958F-0530A22A61EA}"
EndProject
Global
	GlobalSection(SolutionConfigurationPlatforms) = preSolution
		Debug|Any CPU = Debug|Any CPU
		Debug|ARM = Debug|ARM
		Debug|x64 = Debug|x64
		Debug|x86 = Debug|x86
		Release|Any CPU = Release|Any CPU
		Release|ARM = Release|ARM
		Release|x64 = Release|x64
		Release|x86 = Release|x86
	EndGlobalSection
	GlobalSection(ProjectConfigurationPlatforms) = postSolution
		{E32C204F-863F-47CC-AE84-5AF0ED6699C7}.Debug|Any CPU.ActiveCfg = Debug|Any CPU
		{E32C204F-863F-47CC-AE84-5AF0ED6699C7}.Debug|Any CPU.Build.0 = Debug|Any CPU
		{E32C204F-863F-47CC-AE84-5AF0ED6699C7}.Debug|ARM.ActiveCfg = Debug|Any CPU
		{E32C204F-863F-47CC-AE84-5AF0ED6699C7}.Debug|ARM.Build.0 = Debug|Any CPU
		{E32C204F-863F-47CC-AE84-5AF0ED6699C7}.Debug|x64.ActiveCfg = Debug|Any CPU
		{E32C204F-863F-47CC-AE84-5AF0ED6699C7}.Debug|x64.Build.0 = Debug|Any CPU
		{E32C204F-863F-47CC-AE84-5AF0ED6699C7}.Debug|x86.ActiveCfg = Debug|Any CPU
		{E32C204F-863F-47CC-AE84-5AF0ED6699C7}.Debug|x86.Build.0 = Debug|Any CPU
		{E32C204F-863F-47CC-AE84-5AF0ED6699C7}.Release|Any CPU.ActiveCfg = Release|Any CPU
		{E32C204F-863F-47CC-AE84-5AF0ED6699C7}.Release|Any CPU.Build.0 = Release|Any CPU
		{E32C204F-863F-47CC-AE84-5AF0ED6699C7}.Release|ARM.ActiveCfg = Release|Any CPU
		{E32C204F-863F-47CC-AE84-5AF0ED6699C7}.Release|ARM.Build.0 = Release|Any CPU
		{E32C204F-863F-47CC-AE84-5AF0ED6699C7}.Release|x64.ActiveCfg = Release|Any CPU
		{E32C204F-863F-47CC-AE84-5AF0ED6699C7}.Release|x64.Build.0 = Release|Any CPU
		{E32C204F-863F-47CC-AE84-5AF0ED6699C7}.Release|x86.ActiveCfg = Release|Any CPU
		{E32C204F-863F-47CC-AE84-5AF0ED6699C7}.Release|x86.Build.0 = Release|Any CPU
		{25AA4CA8-EA3B-47BB-9E96-E9BB1595CB0E}.Debug|Any CPU.ActiveCfg = Debug|Any CPU
		{25AA4CA8-EA3B-47BB-9E96-E9BB1595CB0E}.Debug|Any CPU.Build.0 = Debug|Any CPU
		{25AA4CA8-EA3B-47BB-9E96-E9BB1595CB0E}.Debug|ARM.ActiveCfg = Debug|Any CPU
		{25AA4CA8-EA3B-47BB-9E96-E9BB1595CB0E}.Debug|ARM.Build.0 = Debug|Any CPU
		{25AA4CA8-EA3B-47BB-9E96-E9BB1595CB0E}.Debug|x64.ActiveCfg = Debug|Any CPU
		{25AA4CA8-EA3B-47BB-9E96-E9BB1595CB0E}.Debug|x64.Build.0 = Debug|Any CPU
		{25AA4CA8-EA3B-47BB-9E96-E9BB1595CB0E}.Debug|x86.ActiveCfg = Debug|Any CPU
		{25AA4CA8-EA3B-47BB-9E96-E9BB1595CB0E}.Debug|x86.Build.0 = Debug|Any CPU
		{25AA4CA8-EA3B-47BB-9E96-E9BB1595CB0E}.Release|Any CPU.ActiveCfg = Release|Any CPU
		{25AA4CA8-EA3B-47BB-9E96-E9BB1595CB0E}.Release|Any CPU.Build.0 = Release|Any CPU
		{25AA4CA8-EA3B-47BB-9E96-E9BB1595CB0E}.Release|ARM.ActiveCfg = Release|Any CPU
		{25AA4CA8-EA3B-47BB-9E96-E9BB1595CB0E}.Release|ARM.Build.0 = Release|Any CPU
		{25AA4CA8-EA3B-47BB-9E96-E9BB1595CB0E}.Release|x64.ActiveCfg = Release|Any CPU
		{25AA4CA8-EA3B-47BB-9E96-E9BB1595CB0E}.Release|x64.Build.0 = Release|Any CPU
		{25AA4CA8-EA3B-47BB-9E96-E9BB1595CB0E}.Release|x86.ActiveCfg = Release|Any CPU
		{25AA4CA8-EA3B-47BB-9E96-E9BB1595CB0E}.Release|x86.Build.0 = Release|Any CPU
		{123B02CB-E605-4497-A78D-E9DA7F766BDC}.Debug|Any CPU.ActiveCfg = Debug|Any CPU
		{123B02CB-E605-4497-A78D-E9DA7F766BDC}.Debug|Any CPU.Build.0 = Debug|Any CPU
		{123B02CB-E605-4497-A78D-E9DA7F766BDC}.Debug|ARM.ActiveCfg = Debug|Any CPU
		{123B02CB-E605-4497-A78D-E9DA7F766BDC}.Debug|ARM.Build.0 = Debug|Any CPU
		{123B02CB-E605-4497-A78D-E9DA7F766BDC}.Debug|x64.ActiveCfg = Debug|Any CPU
		{123B02CB-E605-4497-A78D-E9DA7F766BDC}.Debug|x64.Build.0 = Debug|Any CPU
		{123B02CB-E605-4497-A78D-E9DA7F766BDC}.Debug|x86.ActiveCfg = Debug|Any CPU
		{123B02CB-E605-4497-A78D-E9DA7F766BDC}.Debug|x86.Build.0 = Debug|Any CPU
		{123B02CB-E605-4497-A78D-E9DA7F766BDC}.Release|Any CPU.ActiveCfg = Release|Any CPU
		{123B02CB-E605-4497-A78D-E9DA7F766BDC}.Release|Any CPU.Build.0 = Release|Any CPU
		{123B02CB-E605-4497-A78D-E9DA7F766BDC}.Release|ARM.ActiveCfg = Release|Any CPU
		{123B02CB-E605-4497-A78D-E9DA7F766BDC}.Release|ARM.Build.0 = Release|Any CPU
		{123B02CB-E605-4497-A78D-E9DA7F766BDC}.Release|x64.ActiveCfg = Release|Any CPU
		{123B02CB-E605-4497-A78D-E9DA7F766BDC}.Release|x64.Build.0 = Release|Any CPU
		{123B02CB-E605-4497-A78D-E9DA7F766BDC}.Release|x86.ActiveCfg = Release|Any CPU
		{123B02CB-E605-4497-A78D-E9DA7F766BDC}.Release|x86.Build.0 = Release|Any CPU
		{C3BCCF3F-8A90-4BB9-8345-3894DC322BCC}.Debug|Any CPU.ActiveCfg = Debug|Any CPU
		{C3BCCF3F-8A90-4BB9-8345-3894DC322BCC}.Debug|Any CPU.Build.0 = Debug|Any CPU
		{C3BCCF3F-8A90-4BB9-8345-3894DC322BCC}.Debug|ARM.ActiveCfg = Debug|Any CPU
		{C3BCCF3F-8A90-4BB9-8345-3894DC322BCC}.Debug|ARM.Build.0 = Debug|Any CPU
		{C3BCCF3F-8A90-4BB9-8345-3894DC322BCC}.Debug|x64.ActiveCfg = Debug|Any CPU
		{C3BCCF3F-8A90-4BB9-8345-3894DC322BCC}.Debug|x64.Build.0 = Debug|Any CPU
		{C3BCCF3F-8A90-4BB9-8345-3894DC322BCC}.Debug|x86.ActiveCfg = Debug|x86
		{C3BCCF3F-8A90-4BB9-8345-3894DC322BCC}.Debug|x86.Build.0 = Debug|x86
		{C3BCCF3F-8A90-4BB9-8345-3894DC322BCC}.Release|Any CPU.ActiveCfg = Release|Any CPU
		{C3BCCF3F-8A90-4BB9-8345-3894DC322BCC}.Release|Any CPU.Build.0 = Release|Any CPU
		{C3BCCF3F-8A90-4BB9-8345-3894DC322BCC}.Release|ARM.ActiveCfg = Release|Any CPU
		{C3BCCF3F-8A90-4BB9-8345-3894DC322BCC}.Release|ARM.Build.0 = Release|Any CPU
		{C3BCCF3F-8A90-4BB9-8345-3894DC322BCC}.Release|x64.ActiveCfg = Release|Any CPU
		{C3BCCF3F-8A90-4BB9-8345-3894DC322BCC}.Release|x64.Build.0 = Release|Any CPU
		{C3BCCF3F-8A90-4BB9-8345-3894DC322BCC}.Release|x86.ActiveCfg = Release|x86
		{C3BCCF3F-8A90-4BB9-8345-3894DC322BCC}.Release|x86.Build.0 = Release|x86
		{01E6ECD2-7CA6-4EAE-86F3-76F8C4391379}.Debug|Any CPU.ActiveCfg = Debug|Any CPU
		{01E6ECD2-7CA6-4EAE-86F3-76F8C4391379}.Debug|Any CPU.Build.0 = Debug|Any CPU
		{01E6ECD2-7CA6-4EAE-86F3-76F8C4391379}.Debug|ARM.ActiveCfg = Debug|Any CPU
		{01E6ECD2-7CA6-4EAE-86F3-76F8C4391379}.Debug|ARM.Build.0 = Debug|Any CPU
		{01E6ECD2-7CA6-4EAE-86F3-76F8C4391379}.Debug|x64.ActiveCfg = Debug|Any CPU
		{01E6ECD2-7CA6-4EAE-86F3-76F8C4391379}.Debug|x64.Build.0 = Debug|Any CPU
		{01E6ECD2-7CA6-4EAE-86F3-76F8C4391379}.Debug|x86.ActiveCfg = Debug|Any CPU
		{01E6ECD2-7CA6-4EAE-86F3-76F8C4391379}.Debug|x86.Build.0 = Debug|Any CPU
		{01E6ECD2-7CA6-4EAE-86F3-76F8C4391379}.Release|Any CPU.ActiveCfg = Release|Any CPU
		{01E6ECD2-7CA6-4EAE-86F3-76F8C4391379}.Release|Any CPU.Build.0 = Release|Any CPU
		{01E6ECD2-7CA6-4EAE-86F3-76F8C4391379}.Release|ARM.ActiveCfg = Release|Any CPU
		{01E6ECD2-7CA6-4EAE-86F3-76F8C4391379}.Release|ARM.Build.0 = Release|Any CPU
		{01E6ECD2-7CA6-4EAE-86F3-76F8C4391379}.Release|x64.ActiveCfg = Release|Any CPU
		{01E6ECD2-7CA6-4EAE-86F3-76F8C4391379}.Release|x64.Build.0 = Release|Any CPU
		{01E6ECD2-7CA6-4EAE-86F3-76F8C4391379}.Release|x86.ActiveCfg = Release|Any CPU
		{01E6ECD2-7CA6-4EAE-86F3-76F8C4391379}.Release|x86.Build.0 = Release|Any CPU
		{FF946638-1B85-46E9-B3DA-FCE3437AC974}.Debug|Any CPU.ActiveCfg = Debug|Any CPU
		{FF946638-1B85-46E9-B3DA-FCE3437AC974}.Debug|Any CPU.Build.0 = Debug|Any CPU
		{FF946638-1B85-46E9-B3DA-FCE3437AC974}.Debug|ARM.ActiveCfg = Debug|Any CPU
		{FF946638-1B85-46E9-B3DA-FCE3437AC974}.Debug|ARM.Build.0 = Debug|Any CPU
		{FF946638-1B85-46E9-B3DA-FCE3437AC974}.Debug|x64.ActiveCfg = Debug|Any CPU
		{FF946638-1B85-46E9-B3DA-FCE3437AC974}.Debug|x64.Build.0 = Debug|Any CPU
		{FF946638-1B85-46E9-B3DA-FCE3437AC974}.Debug|x86.ActiveCfg = Debug|Any CPU
		{FF946638-1B85-46E9-B3DA-FCE3437AC974}.Debug|x86.Build.0 = Debug|Any CPU
		{FF946638-1B85-46E9-B3DA-FCE3437AC974}.Release|Any CPU.ActiveCfg = Release|Any CPU
		{FF946638-1B85-46E9-B3DA-FCE3437AC974}.Release|Any CPU.Build.0 = Release|Any CPU
		{FF946638-1B85-46E9-B3DA-FCE3437AC974}.Release|ARM.ActiveCfg = Release|Any CPU
		{FF946638-1B85-46E9-B3DA-FCE3437AC974}.Release|ARM.Build.0 = Release|Any CPU
		{FF946638-1B85-46E9-B3DA-FCE3437AC974}.Release|x64.ActiveCfg = Release|Any CPU
		{FF946638-1B85-46E9-B3DA-FCE3437AC974}.Release|x64.Build.0 = Release|Any CPU
		{FF946638-1B85-46E9-B3DA-FCE3437AC974}.Release|x86.ActiveCfg = Release|Any CPU
		{FF946638-1B85-46E9-B3DA-FCE3437AC974}.Release|x86.Build.0 = Release|Any CPU
		{50529F80-AC1B-4D13-B846-27EC1ED672E8}.Debug|Any CPU.ActiveCfg = Debug|Any CPU
		{50529F80-AC1B-4D13-B846-27EC1ED672E8}.Debug|Any CPU.Build.0 = Debug|Any CPU
		{50529F80-AC1B-4D13-B846-27EC1ED672E8}.Debug|ARM.ActiveCfg = Debug|Any CPU
		{50529F80-AC1B-4D13-B846-27EC1ED672E8}.Debug|ARM.Build.0 = Debug|Any CPU
		{50529F80-AC1B-4D13-B846-27EC1ED672E8}.Debug|x64.ActiveCfg = Debug|Any CPU
		{50529F80-AC1B-4D13-B846-27EC1ED672E8}.Debug|x64.Build.0 = Debug|Any CPU
		{50529F80-AC1B-4D13-B846-27EC1ED672E8}.Debug|x86.ActiveCfg = Debug|Any CPU
		{50529F80-AC1B-4D13-B846-27EC1ED672E8}.Debug|x86.Build.0 = Debug|Any CPU
		{50529F80-AC1B-4D13-B846-27EC1ED672E8}.Release|Any CPU.ActiveCfg = Release|Any CPU
		{50529F80-AC1B-4D13-B846-27EC1ED672E8}.Release|Any CPU.Build.0 = Release|Any CPU
		{50529F80-AC1B-4D13-B846-27EC1ED672E8}.Release|ARM.ActiveCfg = Release|Any CPU
		{50529F80-AC1B-4D13-B846-27EC1ED672E8}.Release|ARM.Build.0 = Release|Any CPU
		{50529F80-AC1B-4D13-B846-27EC1ED672E8}.Release|x64.ActiveCfg = Release|Any CPU
		{50529F80-AC1B-4D13-B846-27EC1ED672E8}.Release|x64.Build.0 = Release|Any CPU
		{50529F80-AC1B-4D13-B846-27EC1ED672E8}.Release|x86.ActiveCfg = Release|Any CPU
		{50529F80-AC1B-4D13-B846-27EC1ED672E8}.Release|x86.Build.0 = Release|Any CPU
		{E0B2FFAC-65ED-481C-958F-0530A22A61EA}.Debug|Any CPU.ActiveCfg = Debug|Any CPU
		{E0B2FFAC-65ED-481C-958F-0530A22A61EA}.Debug|Any CPU.Build.0 = Debug|Any CPU
		{E0B2FFAC-65ED-481C-958F-0530A22A61EA}.Debug|ARM.ActiveCfg = Debug|Any CPU
		{E0B2FFAC-65ED-481C-958F-0530A22A61EA}.Debug|ARM.Build.0 = Debug|Any CPU
		{E0B2FFAC-65ED-481C-958F-0530A22A61EA}.Debug|x64.ActiveCfg = Debug|Any CPU
		{E0B2FFAC-65ED-481C-958F-0530A22A61EA}.Debug|x64.Build.0 = Debug|Any CPU
		{E0B2FFAC-65ED-481C-958F-0530A22A61EA}.Debug|x86.ActiveCfg = Debug|Any CPU
		{E0B2FFAC-65ED-481C-958F-0530A22A61EA}.Debug|x86.Build.0 = Debug|Any CPU
		{E0B2FFAC-65ED-481C-958F-0530A22A61EA}.Release|Any CPU.ActiveCfg = Release|Any CPU
		{E0B2FFAC-65ED-481C-958F-0530A22A61EA}.Release|Any CPU.Build.0 = Release|Any CPU
		{E0B2FFAC-65ED-481C-958F-0530A22A61EA}.Release|ARM.ActiveCfg = Release|Any CPU
		{E0B2FFAC-65ED-481C-958F-0530A22A61EA}.Release|ARM.Build.0 = Release|Any CPU
		{E0B2FFAC-65ED-481C-958F-0530A22A61EA}.Release|x64.ActiveCfg = Release|Any CPU
		{E0B2FFAC-65ED-481C-958F-0530A22A61EA}.Release|x64.Build.0 = Release|Any CPU
		{E0B2FFAC-65ED-481C-958F-0530A22A61EA}.Release|x86.ActiveCfg = Release|Any CPU
		{E0B2FFAC-65ED-481C-958F-0530A22A61EA}.Release|x86.Build.0 = Release|Any CPU
	EndGlobalSection
	GlobalSection(SolutionProperties) = preSolution
		HideSolutionNode = FALSE
	EndGlobalSection
EndGlobal
